
Microsoft Visual Studio Solution File, Format Version 12.00
# Visual Studio Version 17
VisualStudioVersion = 17.8.34330.188
MinimumVisualStudioVersion = 10.0.40219.1
Project("{FAE04EC0-301F-11D3-BF4B-00C04F79EFBC}") = "BaoNghi.31231020352", "BaoNghi.31231020352\BaoNghi.31231020352.csproj", "{B71D0348-A79C-429A-B9FF-C70CA423C897}"
EndProject
Global
	GlobalSection(SolutionConfigurationPlatforms) = preSolution
		Debug|Any CPU = Debug|Any CPU
		Release|Any CPU = Release|Any CPU
	EndGlobalSection
	GlobalSection(ProjectConfigurationPlatforms) = postSolution
		{B71D0348-A79C-429A-B9FF-C70CA423C897}.Debug|Any CPU.ActiveCfg = Debug|Any CPU
		{B71D0348-A79C-429A-B9FF-C70CA423C897}.Debug|Any CPU.Build.0 = Debug|Any CPU
		{B71D0348-A79C-429A-B9FF-C70CA423C897}.Release|Any CPU.ActiveCfg = Release|Any CPU
		{B71D0348-A79C-429A-B9FF-C70CA423C897}.Release|Any CPU.Build.0 = Release|Any CPU
	EndGlobalSection
	GlobalSection(SolutionProperties) = preSolution
		HideSolutionNode = FALSE
	EndGlobalSection
	GlobalSection(ExtensibilityGlobals) = postSolution
		SolutionGuid = {3750C97E-DC3D-46E3-9464-97B5D4E45D0A}
	EndGlobalSection
EndGlobal
